
Microsoft Visual Studio Solution File, Format Version 12.00
# Visual Studio Version 17
VisualStudioVersion = 17.1.32210.238
MinimumVisualStudioVersion = 10.0.40219.1
Project("{9A19103F-16F7-4668-BE54-9A1E7A4F7556}") = "Indexer", "indexer\Indexer.csproj", "{7F4ADC70-20AE-423B-9D46-FABEE2E9F5D2}"
EndProject
Project("{9A19103F-16F7-4668-BE54-9A1E7A4F7556}") = "ConsoleSearch", "ConsoleSearch\ConsoleSearch.csproj", "{8DF99C5C-09E2-430F-8DAD-5052DF2A9076}"
EndProject
Project("{9A19103F-16F7-4668-BE54-9A1E7A4F7556}") = "CommonStuff", "CommonStuff\CommonStuff.csproj", "{0042B50C-3B63-463F-A130-D83833E4056B}"
EndProject
Project("{2150E333-8FDC-42A3-9474-1A3956D46DE8}") = "Solution Items", "Solution Items", "{72D568E9-23A6-46FD-97F0-7411FC0B2C8D}"
	ProjectSection(SolutionItems) = preProject
		README.txt = README.txt
	EndProjectSection
EndProject
Project("{9A19103F-16F7-4668-BE54-9A1E7A4F7556}") = "SearchAPI", "SearchAPI\SearchAPI.csproj", "{22BF139E-C2C5-438E-BB25-67B34BD7B6C8}"
EndProject
Project("{9A19103F-16F7-4668-BE54-9A1E7A4F7556}") = "GatewayAPI", "GatewayAPI\GatewayAPI.csproj", "{C2EBD362-3245-4460-A928-4DBBA796E9B7}"
EndProject
Project("{9A19103F-16F7-4668-BE54-9A1E7A4F7556}") = "LoadBalancerAPI", "LoadBalancerAPI\LoadBalancerAPI.csproj", "{C9D74B5C-20CA-48AD-911F-8A671B4B23D7}"
EndProject
Project("{FAE04EC0-301F-11D3-BF4B-00C04F79EFBC}") = "DidYouMeanAPI", "DidYouMeanAPI\DidYouMeanAPI.csproj", "{73194B05-5E5A-4439-8ACD-BA1170DA7315}"
EndProject
Project("{FAE04EC0-301F-11D3-BF4B-00C04F79EFBC}") = "ConsoleDidYouMean", "ConsoleDidYouMean\ConsoleDidYouMean.csproj", "{9B91A25D-B97D-4580-ADE0-7C61718CC492}"
EndProject
Global
	GlobalSection(SolutionConfigurationPlatforms) = preSolution
		Debug|Any CPU = Debug|Any CPU
		Release|Any CPU = Release|Any CPU
	EndGlobalSection
	GlobalSection(ProjectConfigurationPlatforms) = postSolution
		{7F4ADC70-20AE-423B-9D46-FABEE2E9F5D2}.Debug|Any CPU.ActiveCfg = Debug|Any CPU
		{7F4ADC70-20AE-423B-9D46-FABEE2E9F5D2}.Debug|Any CPU.Build.0 = Debug|Any CPU
		{7F4ADC70-20AE-423B-9D46-FABEE2E9F5D2}.Release|Any CPU.ActiveCfg = Release|Any CPU
		{7F4ADC70-20AE-423B-9D46-FABEE2E9F5D2}.Release|Any CPU.Build.0 = Release|Any CPU
		{8DF99C5C-09E2-430F-8DAD-5052DF2A9076}.Debug|Any CPU.ActiveCfg = Debug|Any CPU
		{8DF99C5C-09E2-430F-8DAD-5052DF2A9076}.Debug|Any CPU.Build.0 = Debug|Any CPU
		{8DF99C5C-09E2-430F-8DAD-5052DF2A9076}.Release|Any CPU.ActiveCfg = Release|Any CPU
		{8DF99C5C-09E2-430F-8DAD-5052DF2A9076}.Release|Any CPU.Build.0 = Release|Any CPU
		{0042B50C-3B63-463F-A130-D83833E4056B}.Debug|Any CPU.ActiveCfg = Debug|Any CPU
		{0042B50C-3B63-463F-A130-D83833E4056B}.Debug|Any CPU.Build.0 = Debug|Any CPU
		{0042B50C-3B63-463F-A130-D83833E4056B}.Release|Any CPU.ActiveCfg = Release|Any CPU
		{0042B50C-3B63-463F-A130-D83833E4056B}.Release|Any CPU.Build.0 = Release|Any CPU
		{22BF139E-C2C5-438E-BB25-67B34BD7B6C8}.Debug|Any CPU.ActiveCfg = Debug|Any CPU
		{22BF139E-C2C5-438E-BB25-67B34BD7B6C8}.Debug|Any CPU.Build.0 = Debug|Any CPU
		{22BF139E-C2C5-438E-BB25-67B34BD7B6C8}.Release|Any CPU.ActiveCfg = Release|Any CPU
		{22BF139E-C2C5-438E-BB25-67B34BD7B6C8}.Release|Any CPU.Build.0 = Release|Any CPU
		{C2EBD362-3245-4460-A928-4DBBA796E9B7}.Debug|Any CPU.ActiveCfg = Debug|Any CPU
		{C2EBD362-3245-4460-A928-4DBBA796E9B7}.Debug|Any CPU.Build.0 = Debug|Any CPU
		{C2EBD362-3245-4460-A928-4DBBA796E9B7}.Release|Any CPU.ActiveCfg = Release|Any CPU
		{C2EBD362-3245-4460-A928-4DBBA796E9B7}.Release|Any CPU.Build.0 = Release|Any CPU
		{C9D74B5C-20CA-48AD-911F-8A671B4B23D7}.Debug|Any CPU.ActiveCfg = Debug|Any CPU
		{C9D74B5C-20CA-48AD-911F-8A671B4B23D7}.Debug|Any CPU.Build.0 = Debug|Any CPU
		{C9D74B5C-20CA-48AD-911F-8A671B4B23D7}.Release|Any CPU.ActiveCfg = Release|Any CPU
		{C9D74B5C-20CA-48AD-911F-8A671B4B23D7}.Release|Any CPU.Build.0 = Release|Any CPU
		{73194B05-5E5A-4439-8ACD-BA1170DA7315}.Debug|Any CPU.ActiveCfg = Debug|Any CPU
		{73194B05-5E5A-4439-8ACD-BA1170DA7315}.Debug|Any CPU.Build.0 = Debug|Any CPU
		{73194B05-5E5A-4439-8ACD-BA1170DA7315}.Release|Any CPU.ActiveCfg = Release|Any CPU
		{73194B05-5E5A-4439-8ACD-BA1170DA7315}.Release|Any CPU.Build.0 = Release|Any CPU
		{9B91A25D-B97D-4580-ADE0-7C61718CC492}.Debug|Any CPU.ActiveCfg = Debug|Any CPU
		{9B91A25D-B97D-4580-ADE0-7C61718CC492}.Debug|Any CPU.Build.0 = Debug|Any CPU
		{9B91A25D-B97D-4580-ADE0-7C61718CC492}.Release|Any CPU.ActiveCfg = Release|Any CPU
		{9B91A25D-B97D-4580-ADE0-7C61718CC492}.Release|Any CPU.Build.0 = Release|Any CPU
	EndGlobalSection
	GlobalSection(SolutionProperties) = preSolution
		HideSolutionNode = FALSE
	EndGlobalSection
	GlobalSection(ExtensibilityGlobals) = postSolution
		SolutionGuid = {0EBC1CCA-0BFD-4D41-AE7E-1157EA73535D}
	EndGlobalSection
EndGlobal
